
Microsoft Visual Studio Solution File, Format Version 12.00
# Visual Studio 15
VisualStudioVersion = 15.0.26403.7
MinimumVisualStudioVersion = 10.0.40219.1
Project("{FAE04EC0-301F-11D3-BF4B-00C04F79EFBC}") = "CourseOrderingChallenge", "CourseOrderingChallenge\CourseOrderingChallenge.csproj", "{8F861704-BC84-4104-9C7A-33CE41CE8E58}"
EndProject
Project("{FAE04EC0-301F-11D3-BF4B-00C04F79EFBC}") = "CourseOrderingChallenge.Tests", "CourseOrderingChallenge.Tests\CourseOrderingChallenge.Tests.csproj", "{022879AB-227B-4E1C-BD8D-C2141014EE10}"
EndProject
Global
	GlobalSection(SolutionConfigurationPlatforms) = preSolution
		Debug|Any CPU = Debug|Any CPU
		Release|Any CPU = Release|Any CPU
	EndGlobalSection
	GlobalSection(ProjectConfigurationPlatforms) = postSolution
		{8F861704-BC84-4104-9C7A-33CE41CE8E58}.Debug|Any CPU.ActiveCfg = Debug|Any CPU
		{8F861704-BC84-4104-9C7A-33CE41CE8E58}.Debug|Any CPU.Build.0 = Debug|Any CPU
		{8F861704-BC84-4104-9C7A-33CE41CE8E58}.Release|Any CPU.ActiveCfg = Release|Any CPU
		{8F861704-BC84-4104-9C7A-33CE41CE8E58}.Release|Any CPU.Build.0 = Release|Any CPU
		{022879AB-227B-4E1C-BD8D-C2141014EE10}.Debug|Any CPU.ActiveCfg = Debug|Any CPU
		{022879AB-227B-4E1C-BD8D-C2141014EE10}.Debug|Any CPU.Build.0 = Debug|Any CPU
		{022879AB-227B-4E1C-BD8D-C2141014EE10}.Release|Any CPU.ActiveCfg = Release|Any CPU
		{022879AB-227B-4E1C-BD8D-C2141014EE10}.Release|Any CPU.Build.0 = Release|Any CPU
	EndGlobalSection
	GlobalSection(SolutionProperties) = preSolution
		HideSolutionNode = FALSE
	EndGlobalSection
EndGlobal
